
Microsoft Visual Studio Solution File, Format Version 12.00
# Visual Studio Version 16
VisualStudioVersion = 16.0.31624.102
MinimumVisualStudioVersion = 10.0.40219.1
Project("{9A19103F-16F7-4668-BE54-9A1E7A4F7556}") = "OnlineShopBlazorWasm", "OnlineShopBlazorWasm\OnlineShopBlazorWasm.csproj", "{347EC31E-187F-4EE0-9768-27CAE981F82C}"
EndProject
Project("{9A19103F-16F7-4668-BE54-9A1E7A4F7556}") = "OnlineShopApi", "OnlineShopApi\OnlineShopApi.csproj", "{3304A937-41D3-47DD-BB6B-BD3BED4A6B08}"
EndProject
Global
	GlobalSection(SolutionConfigurationPlatforms) = preSolution
		Debug|Any CPU = Debug|Any CPU
		Release|Any CPU = Release|Any CPU
	EndGlobalSection
	GlobalSection(ProjectConfigurationPlatforms) = postSolution
		{347EC31E-187F-4EE0-9768-27CAE981F82C}.Debug|Any CPU.ActiveCfg = Debug|Any CPU
		{347EC31E-187F-4EE0-9768-27CAE981F82C}.Debug|Any CPU.Build.0 = Debug|Any CPU
		{347EC31E-187F-4EE0-9768-27CAE981F82C}.Release|Any CPU.ActiveCfg = Release|Any CPU
		{347EC31E-187F-4EE0-9768-27CAE981F82C}.Release|Any CPU.Build.0 = Release|Any CPU
		{3304A937-41D3-47DD-BB6B-BD3BED4A6B08}.Debug|Any CPU.ActiveCfg = Debug|Any CPU
		{3304A937-41D3-47DD-BB6B-BD3BED4A6B08}.Debug|Any CPU.Build.0 = Debug|Any CPU
		{3304A937-41D3-47DD-BB6B-BD3BED4A6B08}.Release|Any CPU.ActiveCfg = Release|Any CPU
		{3304A937-41D3-47DD-BB6B-BD3BED4A6B08}.Release|Any CPU.Build.0 = Release|Any CPU
	EndGlobalSection
	GlobalSection(SolutionProperties) = preSolution
		HideSolutionNode = FALSE
	EndGlobalSection
	GlobalSection(ExtensibilityGlobals) = postSolution
		SolutionGuid = {44C6D8CC-1EDF-4E22-AFB8-8863FFAB5E1C}
	EndGlobalSection
EndGlobal
